{
  "originHash" : "8a7ef86f5a0fc149b4dd8ca49327ed3cc8183040c16eb9f00b0dfabbe652a463",
  "pins" : [
    {
      "identity" : "swift-syntax",
      "kind" : "remoteSourceControl",
      "location" : "https://github.com/apple/swift-syntax.git",
      "state" : {
        "revision" : "515f79b522918f83483068d99c68daeb5116342d",
        "version" : "600.0.0-prerelease-2024-09-04"
      }
    },
    {
      "identity" : "swift-testing",
      "kind" : "remoteSourceControl",
      "location" : "https://github.com/apple/swift-testing.git",
      "state" : {
        "revision" : "69d59cfc76e5daf498ca61f5af409f594768eef9",
        "version" : "0.10.0"
      }
    }
  ],
  "version" : 3
}
